
Microsoft Visual Studio Solution File, Format Version 12.00
# Visual Studio Version 16
VisualStudioVersion = 16.0.31004.235
MinimumVisualStudioVersion = 10.0.40219.1
Project("{FAE04EC0-301F-11D3-BF4B-00C04F79EFBC}") = "DotNet5NgElementsDemo", "DotNet5NgElementsDemo.csproj", "{FBA24295-B0AB-4DA0-B128-BFF05E973045}"
EndProject
Global
	GlobalSection(SolutionConfigurationPlatforms) = preSolution
		Debug|Any CPU = Debug|Any CPU
		Release|Any CPU = Release|Any CPU
	EndGlobalSection
	GlobalSection(ProjectConfigurationPlatforms) = postSolution
		{FBA24295-B0AB-4DA0-B128-BFF05E973045}.Debug|Any CPU.ActiveCfg = Debug|Any CPU
		{FBA24295-B0AB-4DA0-B128-BFF05E973045}.Debug|Any CPU.Build.0 = Debug|Any CPU
		{FBA24295-B0AB-4DA0-B128-BFF05E973045}.Release|Any CPU.ActiveCfg = Release|Any CPU
		{FBA24295-B0AB-4DA0-B128-BFF05E973045}.Release|Any CPU.Build.0 = Release|Any CPU
	EndGlobalSection
	GlobalSection(SolutionProperties) = preSolution
		HideSolutionNode = FALSE
	EndGlobalSection
	GlobalSection(ExtensibilityGlobals) = postSolution
		SolutionGuid = {B4DF7E1F-C06E-4BA5-AFDD-B2463BF938AC}
	EndGlobalSection
EndGlobal
